{
  "name": "misdocos",
  "version": "1.0.1",
  "lockfileVersion": 2,
  "requires": true,
  "packages": {
    "": {
      "name": "misdocos",
      "version": "1.0.1",
      "license": "WTFPL",
      "bin": {
        "docadd": "docadd.js",
        "docdelete": "docdelete.js",
        "docfind": "docfind.js",
        "doclist": "doclist.js",
        "docopen": "docopen.js",
        "docsearch": "docsearch.js"
      }
    }
  }
}
